
Microsoft Visual Studio Solution File, Format Version 12.00
# Visual Studio Version 16
VisualStudioVersion = 16.0.30413.136
MinimumVisualStudioVersion = 10.0.40219.1
Project("{F184B08F-C81C-45F6-A57F-5ABD9991F28F}") = "Dynamensions.Weather.Core", "Dynamensions.Weather.Core\Dynamensions.Weather.Core.vbproj", "{41430FE4-605D-4FC1-AA3C-131EBF3226F8}"
EndProject
Project("{F184B08F-C81C-45F6-A57F-5ABD9991F28F}") = "Dynamensions.Weather.Tests", "Dynamensions.Weather.Tests\Dynamensions.Weather.Tests.vbproj", "{FB1CAACC-AC85-4482-9F39-EBAEFFF7212F}"
EndProject
Global
	GlobalSection(SolutionConfigurationPlatforms) = preSolution
		Debug|Any CPU = Debug|Any CPU
		Release|Any CPU = Release|Any CPU
	EndGlobalSection
	GlobalSection(ProjectConfigurationPlatforms) = postSolution
		{41430FE4-605D-4FC1-AA3C-131EBF3226F8}.Debug|Any CPU.ActiveCfg = Debug|Any CPU
		{41430FE4-605D-4FC1-AA3C-131EBF3226F8}.Debug|Any CPU.Build.0 = Debug|Any CPU
		{41430FE4-605D-4FC1-AA3C-131EBF3226F8}.Release|Any CPU.ActiveCfg = Release|Any CPU
		{41430FE4-605D-4FC1-AA3C-131EBF3226F8}.Release|Any CPU.Build.0 = Release|Any CPU
		{FB1CAACC-AC85-4482-9F39-EBAEFFF7212F}.Debug|Any CPU.ActiveCfg = Debug|Any CPU
		{FB1CAACC-AC85-4482-9F39-EBAEFFF7212F}.Debug|Any CPU.Build.0 = Debug|Any CPU
		{FB1CAACC-AC85-4482-9F39-EBAEFFF7212F}.Release|Any CPU.ActiveCfg = Release|Any CPU
		{FB1CAACC-AC85-4482-9F39-EBAEFFF7212F}.Release|Any CPU.Build.0 = Release|Any CPU
	EndGlobalSection
	GlobalSection(SolutionProperties) = preSolution
		HideSolutionNode = FALSE
	EndGlobalSection
	GlobalSection(ExtensibilityGlobals) = postSolution
		SolutionGuid = {66E5A783-AB91-46F1-BA6D-7F1675723257}
	EndGlobalSection
EndGlobal
